{
  "version": 4,
  "terraform_version": "1.9.8",
  "serial": 3,
  "lineage": "95d4e74a-56bd-f64d-1cd1-d7e0068e002f",
  "outputs": {},
  "resources": [
    {
      "mode": "managed",
      "type": "proxmox_virtual_environment_user",
      "name": "user",
      "provider": "provider[\"registry.terraform.io/bpg/proxmox\"]",
      "instances": [
        {
          "schema_version": 0,
          "attributes": {
            "acl": [],
            "comment": "Managed by Terraform",
            "email": "user@pve",
            "enabled": true,
            "expiration_date": "2034-01-01T22:00:00Z",
            "first_name": "",
            "groups": null,
            "id": "user@pve",
            "keys": "",
            "last_name": "",
            "password": null,
            "user_id": "user@pve"
          },
          "sensitive_attributes": [
            [
              {
                "type": "get_attr",
                "value": "password"
              }
            ]
          ],
          "private": "bnVsbA=="
        }
      ]
    },
    {
      "mode": "managed",
      "type": "proxmox_virtual_environment_user_token",
      "name": "user_token",
      "provider": "provider[\"registry.terraform.io/bpg/proxmox\"]",
      "instances": [
        {
          "schema_version": 0,
          "attributes": {
            "comment": "Managed by Terraform",
            "expiration_date": "2033-01-01T22:00:00Z",
            "id": "user@pve!tk1",
            "privileges_separation": true,
            "token_name": "tk1",
            "user_id": "user@pve",
            "value": "user@pve!tk1=ee91c6b2-4d91-403d-ba70-2635203525c9"
          },
          "sensitive_attributes": [
            [
              {
                "type": "get_attr",
                "value": "value"
              }
            ]
          ],
          "dependencies": [
            "proxmox_virtual_environment_user.user"
          ]
        }
      ]
    }
  ],
  "check_results": null
}
